
Microsoft Visual Studio Solution File, Format Version 12.00
# Visual Studio Version 17
VisualStudioVersion = 17.9.34728.123
MinimumVisualStudioVersion = 10.0.40219.1
Project("{FAE04EC0-301F-11D3-BF4B-00C04F79EFBC}") = "ProjectBingo-5by5", "ProjectBingo-5by5\ProjectBingo-5by5.csproj", "{B846C93B-A313-4C23-A513-CE85F78EC01D}"
EndProject
Global
	GlobalSection(SolutionConfigurationPlatforms) = preSolution
		Debug|Any CPU = Debug|Any CPU
		Release|Any CPU = Release|Any CPU
	EndGlobalSection
	GlobalSection(ProjectConfigurationPlatforms) = postSolution
		{B846C93B-A313-4C23-A513-CE85F78EC01D}.Debug|Any CPU.ActiveCfg = Debug|Any CPU
		{B846C93B-A313-4C23-A513-CE85F78EC01D}.Debug|Any CPU.Build.0 = Debug|Any CPU
		{B846C93B-A313-4C23-A513-CE85F78EC01D}.Release|Any CPU.ActiveCfg = Release|Any CPU
		{B846C93B-A313-4C23-A513-CE85F78EC01D}.Release|Any CPU.Build.0 = Release|Any CPU
	EndGlobalSection
	GlobalSection(SolutionProperties) = preSolution
		HideSolutionNode = FALSE
	EndGlobalSection
	GlobalSection(ExtensibilityGlobals) = postSolution
		SolutionGuid = {1FD9D728-C3B5-48E6-9782-9679F1454897}
	EndGlobalSection
EndGlobal
